{
  "name": "thanhlc_training",
  "lockfileVersion": 3,
  "requires": true,
  "packages": {
    "": {
      "dependencies": {
        "h3": "^0.2.9"
      }
    },
    "node_modules/h3": {
      "version": "0.2.9",
      "resolved": "https://registry.npmjs.org/h3/-/h3-0.2.9.tgz",
      "integrity": "sha512-C8Zz3yGrj02nyN6ufCbN0B5/6hvcRrrlFK1TiWZgEu0+fpvmYPw1aBuWhn2ecavFVcF1g9gXnkoT81mT6TbucA=="
    }
  }
}
